
Microsoft Visual Studio Solution File, Format Version 12.00
# Visual Studio Version 17
VisualStudioVersion = 17.11.35312.102
MinimumVisualStudioVersion = 10.0.40219.1
Project("{8BC9CEB8-8B4A-11D0-8D11-00A0C91BC942}") = "Mostra-Nome", "Mostra-Nome.vcxproj", "{80EACBBA-DB65-4FA5-BC23-AB04F66A9850}"
EndProject
Global
	GlobalSection(SolutionConfigurationPlatforms) = preSolution
		Debug|x64 = Debug|x64
		Debug|x86 = Debug|x86
		Release|x64 = Release|x64
		Release|x86 = Release|x86
	EndGlobalSection
	GlobalSection(ProjectConfigurationPlatforms) = postSolution
		{80EACBBA-DB65-4FA5-BC23-AB04F66A9850}.Debug|x64.ActiveCfg = Debug|x64
		{80EACBBA-DB65-4FA5-BC23-AB04F66A9850}.Debug|x64.Build.0 = Debug|x64
		{80EACBBA-DB65-4FA5-BC23-AB04F66A9850}.Debug|x86.ActiveCfg = Debug|Win32
		{80EACBBA-DB65-4FA5-BC23-AB04F66A9850}.Debug|x86.Build.0 = Debug|Win32
		{80EACBBA-DB65-4FA5-BC23-AB04F66A9850}.Release|x64.ActiveCfg = Release|x64
		{80EACBBA-DB65-4FA5-BC23-AB04F66A9850}.Release|x64.Build.0 = Release|x64
		{80EACBBA-DB65-4FA5-BC23-AB04F66A9850}.Release|x86.ActiveCfg = Release|Win32
		{80EACBBA-DB65-4FA5-BC23-AB04F66A9850}.Release|x86.Build.0 = Release|Win32
	EndGlobalSection
	GlobalSection(SolutionProperties) = preSolution
		HideSolutionNode = FALSE
	EndGlobalSection
	GlobalSection(ExtensibilityGlobals) = postSolution
		SolutionGuid = {ECDE9E11-4E2E-446A-9A9A-55CCEF3FA8F4}
	EndGlobalSection
EndGlobal
